
Microsoft Visual Studio Solution File, Format Version 12.00
# Visual Studio Version 17
VisualStudioVersion = 17.9.34902.65
MinimumVisualStudioVersion = 10.0.40219.1
Project("{FAE04EC0-301F-11D3-BF4B-00C04F79EFBC}") = "Evaluacion2.Server", "Evaluación2.Server\Evaluacion2.Server.csproj", "{169E229E-9015-4F1B-9F21-F2A6E5EBDE23}"
EndProject
Project("{FAE04EC0-301F-11D3-BF4B-00C04F79EFBC}") = "Evaluacion2.BD", "Evaluación2.BD\Evaluacion2.BD.csproj", "{43B78831-A863-4F80-8CE6-3D797E6ABE4D}"
EndProject
Global
	GlobalSection(SolutionConfigurationPlatforms) = preSolution
		Debug|Any CPU = Debug|Any CPU
		Release|Any CPU = Release|Any CPU
	EndGlobalSection
	GlobalSection(ProjectConfigurationPlatforms) = postSolution
		{169E229E-9015-4F1B-9F21-F2A6E5EBDE23}.Debug|Any CPU.ActiveCfg = Debug|Any CPU
		{169E229E-9015-4F1B-9F21-F2A6E5EBDE23}.Debug|Any CPU.Build.0 = Debug|Any CPU
		{169E229E-9015-4F1B-9F21-F2A6E5EBDE23}.Release|Any CPU.ActiveCfg = Release|Any CPU
		{169E229E-9015-4F1B-9F21-F2A6E5EBDE23}.Release|Any CPU.Build.0 = Release|Any CPU
		{43B78831-A863-4F80-8CE6-3D797E6ABE4D}.Debug|Any CPU.ActiveCfg = Debug|Any CPU
		{43B78831-A863-4F80-8CE6-3D797E6ABE4D}.Debug|Any CPU.Build.0 = Debug|Any CPU
		{43B78831-A863-4F80-8CE6-3D797E6ABE4D}.Release|Any CPU.ActiveCfg = Release|Any CPU
		{43B78831-A863-4F80-8CE6-3D797E6ABE4D}.Release|Any CPU.Build.0 = Release|Any CPU
	EndGlobalSection
	GlobalSection(SolutionProperties) = preSolution
		HideSolutionNode = FALSE
	EndGlobalSection
	GlobalSection(ExtensibilityGlobals) = postSolution
		SolutionGuid = {CB9A0776-7D2E-44FD-93F3-412E55B3C7D2}
	EndGlobalSection
EndGlobal
